// !$*UTF8*$!
{
	archiveVersion = 1;
	classes = {
	};
	objectVersion = 46;
	objects = {

/* Begin PBXBuildFile section */
		2C05A19C06CAA52B00D84F6F /* GeneratePreviewForURL.m in Sources */ = {isa = PBXBuildFile; fileRef = 2C05A19B06CAA52B00D84F6F /* GeneratePreviewForURL.m */; };
		61E3BCFB0870B4F2002186A0 /* GenerateThumbnailForURL.m in Sources */ = {isa = PBXBuildFile; fileRef = 61E3BCFA0870B4F2002186A0 /* GenerateThumbnailForURL.m */; };
		8D576312048677EA00EA77CD /* main.c in Sources */ = {isa = PBXBuildFile; fileRef = 08FB77B6FE84183AC02AAC07 /* main.c */; settings = {ATTRIBUTES = (); }; };
		8D576314048677EA00EA77CD /* CoreFoundation.framework in Frameworks */ = {isa = PBXBuildFile; fileRef = 0AA1909FFE8422F4C02AAC07 /* CoreFoundation.framework */; };
		8D5B49A804867FD3000E48DA /* InfoPlist.strings in Resources */ = {isa = PBXBuildFile; fileRef = 8D5B49A704867FD3000E48DA /* InfoPlist.strings */; };
		B64106C513D184630034C431 /* Cocoa.framework in Frameworks */ = {isa = PBXBuildFile; fileRef = B64106C413D184630034C431 /* Cocoa.framework */; };
		B64106D613D184920034C431 /* GNJUnZip.h in Headers */ = {isa = PBXBuildFile; fileRef = B64106D413D184920034C431 /* GNJUnZip.h */; };
		B64106D713D184920034C431 /* GNJUnZip.m in Sources */ = {isa = PBXBuildFile; fileRef = B64106D513D184920034C431 /* GNJUnZip.m */; };
		B64106DD13D1849C0034C431 /* ioapi.c in Sources */ = {isa = PBXBuildFile; fileRef = B64106D913D1849C0034C431 /* ioapi.c */; };
		B64106DE13D1849C0034C431 /* ioapi.h in Headers */ = {isa = PBXBuildFile; fileRef = B64106DA13D1849C0034C431 /* ioapi.h */; };
		B64106DF13D1849C0034C431 /* unzip.c in Sources */ = {isa = PBXBuildFile; fileRef = B64106DB13D1849C0034C431 /* unzip.c */; };
		B64106E013D1849C0034C431 /* unzip.h in Headers */ = {isa = PBXBuildFile; fileRef = B64106DC13D1849C0034C431 /* unzip.h */; };
		B64106EA13D184F20034C431 /* libz.dylib in Frameworks */ = {isa = PBXBuildFile; fileRef = B64106E913D184F20034C431 /* libz.dylib */; };
		C86B05270671AA6E00DD9006 /* CoreServices.framework in Frameworks */ = {isa = PBXBuildFile; fileRef = C86B05260671AA6E00DD9006 /* CoreServices.framework */; };
		F28CFBFD0A3EC0AF000ABFF5 /* ApplicationServices.framework in Frameworks */ = {isa = PBXBuildFile; fileRef = F28CFBFC0A3EC0AF000ABFF5 /* ApplicationServices.framework */; };
		F28CFC030A3EC0C6000ABFF5 /* QuickLook.framework in Frameworks */ = {isa = PBXBuildFile; fileRef = F28CFC020A3EC0C6000ABFF5 /* QuickLook.framework */; };
/* End PBXBuildFile section */

/* Begin PBXFileReference section */
		089C167EFE841241C02AAC07 /* English */ = {isa = PBXFileReference; fileEncoding = 10; lastKnownFileType = text.plist.strings; name = English; path = English.lproj/InfoPlist.strings; sourceTree = "<group>"; };
		08FB77B6FE84183AC02AAC07 /* main.c */ = {isa = PBXFileReference; fileEncoding = 4; lastKnownFileType = sourcecode.c.c; path = main.c; sourceTree = "<group>"; };
		0AA1909FFE8422F4C02AAC07 /* CoreFoundation.framework */ = {isa = PBXFileReference; lastKnownFileType = wrapper.framework; name = CoreFoundation.framework; path = /System/Library/Frameworks/CoreFoundation.framework; sourceTree = "<absolute>"; };
		2C05A19B06CAA52B00D84F6F /* GeneratePreviewForURL.m */ = {isa = PBXFileReference; fileEncoding = 4; lastKnownFileType = sourcecode.c.objc; path = GeneratePreviewForURL.m; sourceTree = "<group>"; };
		61E3BCFA0870B4F2002186A0 /* GenerateThumbnailForURL.m */ = {isa = PBXFileReference; fileEncoding = 4; lastKnownFileType = sourcecode.c.objc; path = GenerateThumbnailForURL.m; sourceTree = "<group>"; };
		8D576316048677EA00EA77CD /* EPUBQLGenerator.qlgenerator */ = {isa = PBXFileReference; explicitFileType = wrapper.cfbundle; includeInIndex = 0; path = EPUBQLGenerator.qlgenerator; sourceTree = BUILT_PRODUCTS_DIR; };
		8D576317048677EA00EA77CD /* Info.plist */ = {isa = PBXFileReference; fileEncoding = 4; lastKnownFileType = text.plist; path = Info.plist; sourceTree = "<group>"; };
		B64106C413D184630034C431 /* Cocoa.framework */ = {isa = PBXFileReference; lastKnownFileType = wrapper.framework; name = Cocoa.framework; path = System/Library/Frameworks/Cocoa.framework; sourceTree = SDKROOT; };
		B64106D413D184920034C431 /* GNJUnZip.h */ = {isa = PBXFileReference; fileEncoding = 4; lastKnownFileType = sourcecode.c.h; path = GNJUnZip.h; sourceTree = "<group>"; };
		B64106D513D184920034C431 /* GNJUnZip.m */ = {isa = PBXFileReference; fileEncoding = 4; lastKnownFileType = sourcecode.c.objc; path = GNJUnZip.m; sourceTree = "<group>"; };
		B64106D913D1849C0034C431 /* ioapi.c */ = {isa = PBXFileReference; fileEncoding = 4; lastKnownFileType = sourcecode.c.c; path = ioapi.c; sourceTree = "<group>"; };
		B64106DA13D1849C0034C431 /* ioapi.h */ = {isa = PBXFileReference; fileEncoding = 4; lastKnownFileType = sourcecode.c.h; path = ioapi.h; sourceTree = "<group>"; };
		B64106DB13D1849C0034C431 /* unzip.c */ = {isa = PBXFileReference; fileEncoding = 4; lastKnownFileType = sourcecode.c.c; path = unzip.c; sourceTree = "<group>"; };
		B64106DC13D1849C0034C431 /* unzip.h */ = {isa = PBXFileReference; fileEncoding = 4; lastKnownFileType = sourcecode.c.h; path = unzip.h; sourceTree = "<group>"; };
		B64106E913D184F20034C431 /* libz.dylib */ = {isa = PBXFileReference; lastKnownFileType = "compiled.mach-o.dylib"; name = libz.dylib; path = usr/lib/libz.dylib; sourceTree = SDKROOT; };
		B67F4CC813D3557D00BF6948 /* README.rst */ = {isa = PBXFileReference; fileEncoding = 4; lastKnownFileType = text; path = README.rst; sourceTree = "<group>"; };
		C86B05260671AA6E00DD9006 /* CoreServices.framework */ = {isa = PBXFileReference; lastKnownFileType = wrapper.framework; name = CoreServices.framework; path = /System/Library/Frameworks/CoreServices.framework; sourceTree = "<absolute>"; };
		F28CFBFC0A3EC0AF000ABFF5 /* ApplicationServices.framework */ = {isa = PBXFileReference; lastKnownFileType = wrapper.framework; name = ApplicationServices.framework; path = /System/Library/Frameworks/ApplicationServices.framework; sourceTree = "<absolute>"; };
		F28CFC020A3EC0C6000ABFF5 /* QuickLook.framework */ = {isa = PBXFileReference; lastKnownFileType = wrapper.framework; name = QuickLook.framework; path = /System/Library/Frameworks/QuickLook.framework; sourceTree = "<absolute>"; };
/* End PBXFileReference section */

/* Begin PBXFrameworksBuildPhase section */
		8D576313048677EA00EA77CD /* Frameworks */ = {
			isa = PBXFrameworksBuildPhase;
			buildActionMask = 2147483647;
			files = (
				8D576314048677EA00EA77CD /* CoreFoundation.framework in Frameworks */,
				C86B05270671AA6E00DD9006 /* CoreServices.framework in Frameworks */,
				F28CFBFD0A3EC0AF000ABFF5 /* ApplicationServices.framework in Frameworks */,
				F28CFC030A3EC0C6000ABFF5 /* QuickLook.framework in Frameworks */,
				B64106C513D184630034C431 /* Cocoa.framework in Frameworks */,
				B64106EA13D184F20034C431 /* libz.dylib in Frameworks */,
			);
			runOnlyForDeploymentPostprocessing = 0;
		};
/* End PBXFrameworksBuildPhase section */

/* Begin PBXGroup section */
		089C166AFE841209C02AAC07 /* EPUBQL */ = {
			isa = PBXGroup;
			children = (
				08FB77AFFE84173DC02AAC07 /* Source */,
				089C167CFE841241C02AAC07 /* Resources */,
				089C1671FE841209C02AAC07 /* External Frameworks and Libraries */,
				19C28FB6FE9D52B211CA2CBB /* Products */,
			);
			name = EPUBQL;
			sourceTree = "<group>";
		};
		089C1671FE841209C02AAC07 /* External Frameworks and Libraries */ = {
			isa = PBXGroup;
			children = (
				F28CFC020A3EC0C6000ABFF5 /* QuickLook.framework */,
				F28CFBFC0A3EC0AF000ABFF5 /* ApplicationServices.framework */,
				C86B05260671AA6E00DD9006 /* CoreServices.framework */,
				0AA1909FFE8422F4C02AAC07 /* CoreFoundation.framework */,
				B64106C413D184630034C431 /* Cocoa.framework */,
				B64106E913D184F20034C431 /* libz.dylib */,
			);
			name = "External Frameworks and Libraries";
			sourceTree = "<group>";
		};
		089C167CFE841241C02AAC07 /* Resources */ = {
			isa = PBXGroup;
			children = (
				8D576317048677EA00EA77CD /* Info.plist */,
				8D5B49A704867FD3000E48DA /* InfoPlist.strings */,
				B67F4CC813D3557D00BF6948 /* README.rst */,
			);
			name = Resources;
			sourceTree = "<group>";
		};
		08FB77AFFE84173DC02AAC07 /* Source */ = {
			isa = PBXGroup;
			children = (
				B64106D813D1849C0034C431 /* minizip */,
				61E3BCFA0870B4F2002186A0 /* GenerateThumbnailForURL.m */,
				2C05A19B06CAA52B00D84F6F /* GeneratePreviewForURL.m */,
				B64106D413D184920034C431 /* GNJUnZip.h */,
				B64106D513D184920034C431 /* GNJUnZip.m */,
				08FB77B6FE84183AC02AAC07 /* main.c */,
			);
			name = Source;
			sourceTree = "<group>";
		};
		19C28FB6FE9D52B211CA2CBB /* Products */ = {
			isa = PBXGroup;
			children = (
				8D576316048677EA00EA77CD /* EPUBQLGenerator.qlgenerator */,
			);
			name = Products;
			sourceTree = "<group>";
		};
		B64106D813D1849C0034C431 /* minizip */ = {
			isa = PBXGroup;
			children = (
				B64106D913D1849C0034C431 /* ioapi.c */,
				B64106DA13D1849C0034C431 /* ioapi.h */,
				B64106DB13D1849C0034C431 /* unzip.c */,
				B64106DC13D1849C0034C431 /* unzip.h */,
			);
			path = minizip;
			sourceTree = "<group>";
		};
/* End PBXGroup section */

/* Begin PBXHeadersBuildPhase section */
		8D57630E048677EA00EA77CD /* Headers */ = {
			isa = PBXHeadersBuildPhase;
			buildActionMask = 2147483647;
			files = (
				B64106D613D184920034C431 /* GNJUnZip.h in Headers */,
				B64106DE13D1849C0034C431 /* ioapi.h in Headers */,
				B64106E013D1849C0034C431 /* unzip.h in Headers */,
			);
			runOnlyForDeploymentPostprocessing = 0;
		};
/* End PBXHeadersBuildPhase section */

/* Begin PBXNativeTarget section */
		8D57630D048677EA00EA77CD /* EPUBQLGenerator */ = {
			isa = PBXNativeTarget;
			buildConfigurationList = 2CA3261E0896AD4900168862 /* Build configuration list for PBXNativeTarget "EPUBQLGenerator" */;
			buildPhases = (
				8D57630E048677EA00EA77CD /* Headers */,
				8D57630F048677EA00EA77CD /* Resources */,
				8D576311048677EA00EA77CD /* Sources */,
				8D576313048677EA00EA77CD /* Frameworks */,
				8D576315048677EA00EA77CD /* Rez */,
			);
			buildRules = (
			);
			dependencies = (
			);
			name = EPUBQLGenerator;
			productInstallPath = /Library/QuickLook;
			productName = EPUBQL;
			productReference = 8D576316048677EA00EA77CD /* EPUBQLGenerator.qlgenerator */;
			productType = "com.apple.product-type.bundle";
		};
/* End PBXNativeTarget section */

/* Begin PBXProject section */
		089C1669FE841209C02AAC07 /* Project object */ = {
			isa = PBXProject;
			attributes = {
				LastUpgradeCheck = 0420;
			};
			buildConfigurationList = 2CA326220896AD4900168862 /* Build configuration list for PBXProject "EPUBQLGenerator" */;
			compatibilityVersion = "Xcode 3.2";
			developmentRegion = English;
			hasScannedForEncodings = 1;
			knownRegions = (
				English,
				Japanese,
				French,
				German,
			);
			mainGroup = 089C166AFE841209C02AAC07 /* EPUBQL */;
			projectDirPath = "";
			projectRoot = "";
			targets = (
				8D57630D048677EA00EA77CD /* EPUBQLGenerator */,
			);
		};
/* End PBXProject section */

/* Begin PBXResourcesBuildPhase section */
		8D57630F048677EA00EA77CD /* Resources */ = {
			isa = PBXResourcesBuildPhase;
			buildActionMask = 2147483647;
			files = (
				8D5B49A804867FD3000E48DA /* InfoPlist.strings in Resources */,
			);
			runOnlyForDeploymentPostprocessing = 0;
		};
/* End PBXResourcesBuildPhase section */

/* Begin PBXRezBuildPhase section */
		8D576315048677EA00EA77CD /* Rez */ = {
			isa = PBXRezBuildPhase;
			buildActionMask = 2147483647;
			files = (
			);
			runOnlyForDeploymentPostprocessing = 0;
		};
/* End PBXRezBuildPhase section */

/* Begin PBXSourcesBuildPhase section */
		8D576311048677EA00EA77CD /* Sources */ = {
			isa = PBXSourcesBuildPhase;
			buildActionMask = 2147483647;
			files = (
				8D576312048677EA00EA77CD /* main.c in Sources */,
				2C05A19C06CAA52B00D84F6F /* GeneratePreviewForURL.m in Sources */,
				61E3BCFB0870B4F2002186A0 /* GenerateThumbnailForURL.m in Sources */,
				B64106D713D184920034C431 /* GNJUnZip.m in Sources */,
				B64106DD13D1849C0034C431 /* ioapi.c in Sources */,
				B64106DF13D1849C0034C431 /* unzip.c in Sources */,
			);
			runOnlyForDeploymentPostprocessing = 0;
		};
/* End PBXSourcesBuildPhase section */

/* Begin PBXVariantGroup section */
		8D5B49A704867FD3000E48DA /* InfoPlist.strings */ = {
			isa = PBXVariantGroup;
			children = (
				089C167EFE841241C02AAC07 /* English */,
			);
			name = InfoPlist.strings;
			sourceTree = "<group>";
		};
/* End PBXVariantGroup section */

/* Begin XCBuildConfiguration section */
		2CA3261F0896AD4900168862 /* Debug */ = {
			isa = XCBuildConfiguration;
			buildSettings = {
				COPY_PHASE_STRIP = NO;
				GCC_DYNAMIC_NO_PIC = NO;
				GCC_MODEL_TUNING = G5;
				GCC_OPTIMIZATION_LEVEL = 0;
				GCC_PRECOMPILE_PREFIX_HEADER = NO;
				INFOPLIST_FILE = Info.plist;
				INSTALL_PATH = /Library/QuickLook;
				PRODUCT_NAME = EPUBQLGenerator;
				WRAPPER_EXTENSION = qlgenerator;
			};
			name = Debug;
		};
		2CA326200896AD4900168862 /* Release */ = {
			isa = XCBuildConfiguration;
			buildSettings = {
				DEBUG_INFORMATION_FORMAT = "dwarf-with-dsym";
				GCC_MODEL_TUNING = G5;
				GCC_PRECOMPILE_PREFIX_HEADER = NO;
				INFOPLIST_FILE = Info.plist;
				INSTALL_PATH = /Library/QuickLook;
				PRODUCT_NAME = EPUBQLGenerator;
				WRAPPER_EXTENSION = qlgenerator;
			};
			name = Release;
		};
		2CA326230896AD4900168862 /* Debug */ = {
			isa = XCBuildConfiguration;
			buildSettings = {
				ARCHS = "$(ARCHS_STANDARD_32_64_BIT)";
				CURRENT_PROJECT_VERSION = 3;
				GCC_C_LANGUAGE_STANDARD = gnu99;
				GCC_PREPROCESSOR_DEFINITIONS = USE_FILE32API;
				GCC_WARN_ABOUT_RETURN_TYPE = YES;
				GCC_WARN_UNUSED_VARIABLE = YES;
				MACOSX_DEPLOYMENT_TARGET = 10.6;
				ONLY_ACTIVE_ARCH = YES;
				SDKROOT = macosx;
				VERSIONING_SYSTEM = "apple-generic";
			};
			name = Debug;
		};
		2CA326240896AD4900168862 /* Release */ = {
			isa = XCBuildConfiguration;
			buildSettings = {
				ARCHS = "$(ARCHS_STANDARD_32_64_BIT)";
				CURRENT_PROJECT_VERSION = 3;
				GCC_C_LANGUAGE_STANDARD = gnu99;
				GCC_PREPROCESSOR_DEFINITIONS = USE_FILE32API;
				GCC_WARN_ABOUT_RETURN_TYPE = YES;
				GCC_WARN_UNUSED_VARIABLE = YES;
				MACOSX_DEPLOYMENT_TARGET = 10.6;
				SDKROOT = macosx;
				VERSIONING_SYSTEM = "apple-generic";
			};
			name = Release;
		};
/* End XCBuildConfiguration section */

/* Begin XCConfigurationList section */
		2CA3261E0896AD4900168862 /* Build configuration list for PBXNativeTarget "EPUBQLGenerator" */ = {
			isa = XCConfigurationList;
			buildConfigurations = (
				2CA3261F0896AD4900168862 /* Debug */,
				2CA326200896AD4900168862 /* Release */,
			);
			defaultConfigurationIsVisible = 0;
			defaultConfigurationName = Release;
		};
		2CA326220896AD4900168862 /* Build configuration list for PBXProject "EPUBQLGenerator" */ = {
			isa = XCConfigurationList;
			buildConfigurations = (
				2CA326230896AD4900168862 /* Debug */,
				2CA326240896AD4900168862 /* Release */,
			);
			defaultConfigurationIsVisible = 0;
			defaultConfigurationName = Release;
		};
/* End XCConfigurationList section */
	};
	rootObject = 089C1669FE841209C02AAC07 /* Project object */;
}
